
Microsoft Visual Studio Solution File, Format Version 12.00
# Visual Studio Version 17
VisualStudioVersion = 17.0.31912.275
MinimumVisualStudioVersion = 10.0.40219.1
Project("{2150E333-8FDC-42A3-9474-1A3956D46DE8}") = "Microservices", "Microservices", "{C5EE53E1-44E1-4953-8C9D-8416E9B906CF}"
EndProject
Project("{2150E333-8FDC-42A3-9474-1A3956D46DE8}") = "Domain", "Domain", "{4999A408-4D05-4191-998B-E7489480FE9A}"
EndProject
Project("{2150E333-8FDC-42A3-9474-1A3956D46DE8}") = "Infra.Bus", "Infra.Bus", "{F26C0CC9-4CF5-48D6-A6C9-7F6214DB4E94}"
EndProject
Project("{2150E333-8FDC-42A3-9474-1A3956D46DE8}") = "Infra.IoC", "Infra.IoC", "{1AF63500-D802-4CEF-9480-4D02BF2E836D}"
EndProject
Project("{2150E333-8FDC-42A3-9474-1A3956D46DE8}") = "Presentation", "Presentation", "{296D9611-4740-4956-B3CB-ACD0D15AA895}"
EndProject
Project("{9A19103F-16F7-4668-BE54-9A1E7A4F7556}") = "MicroRabbit.Domain.Core", "MicroRabbit.Domain.Core\MicroRabbit.Domain.Core.csproj", "{DE22830A-985A-4006-ADD4-D2004D1616C0}"
EndProject
Project("{9A19103F-16F7-4668-BE54-9A1E7A4F7556}") = "MicroRabbit.Infra.Bus", "MicroRabbit.Infra.Bus\MicroRabbit.Infra.Bus.csproj", "{BCC82DDC-FC2F-4C43-AC4C-994A0364AC00}"
EndProject
Project("{9A19103F-16F7-4668-BE54-9A1E7A4F7556}") = "MicroRabbitMQ.Infra.IoC", "MicroRabbitMQ.Infra.IoC\MicroRabbitMQ.Infra.IoC.csproj", "{FA39FDA0-46CA-4B26-ACE3-8279D83791E9}"
EndProject
Project("{2150E333-8FDC-42A3-9474-1A3956D46DE8}") = "Banking", "Banking", "{49640806-D25E-4899-BC7E-7A0D45C3CC56}"
EndProject
Project("{2150E333-8FDC-42A3-9474-1A3956D46DE8}") = "API", "API", "{3C16239B-FE8C-416D-97CD-4524A5D89B3D}"
EndProject
Project("{2150E333-8FDC-42A3-9474-1A3956D46DE8}") = "Domain", "Domain", "{AEBD9C9D-FAEB-4172-810E-ADFD4AC3D23A}"
EndProject
Project("{2150E333-8FDC-42A3-9474-1A3956D46DE8}") = "Application", "Application", "{58BF41A4-44AC-4B1B-AB46-3135A8CFA25C}"
EndProject
Project("{2150E333-8FDC-42A3-9474-1A3956D46DE8}") = "Data", "Data", "{B195A3E2-0F9B-4545-9D34-E7769443FD2C}"
EndProject
Project("{9A19103F-16F7-4668-BE54-9A1E7A4F7556}") = "MicroRabbit.Banking.Api", "MicroRabbit.Banking.Api\MicroRabbit.Banking.Api.csproj", "{7B0DD0DB-A58B-47CA-9FF4-A22973625B46}"
EndProject
Project("{9A19103F-16F7-4668-BE54-9A1E7A4F7556}") = "MicroRabbit.Banking.Application", "MicroRabbit.Banking.Application\MicroRabbit.Banking.Application.csproj", "{09A3F6DA-0F79-4C19-BD3F-34B21F3E48F3}"
EndProject
Project("{9A19103F-16F7-4668-BE54-9A1E7A4F7556}") = "MicroRabbit.Banking.Data", "MicroRabbit.Banking.Data\MicroRabbit.Banking.Data.csproj", "{E7EC0075-C43B-408E-A02E-9AE7FE4AF6CE}"
EndProject
Project("{9A19103F-16F7-4668-BE54-9A1E7A4F7556}") = "MicroRabbit.Banking.Domain", "MicroRabbit.Banking.Domain\MicroRabbit.Banking.Domain.csproj", "{AF5C5F22-C718-4EE5-8D15-DDC8DA18AAE2}"
EndProject
Project("{2150E333-8FDC-42A3-9474-1A3956D46DE8}") = "Transfer", "Transfer", "{AAE1EC01-8EFB-42F8-87C4-2FCAE32D1979}"
EndProject
Project("{2150E333-8FDC-42A3-9474-1A3956D46DE8}") = "Api", "Api", "{AEE16F56-D758-467C-960E-01C331FA408F}"
EndProject
Project("{2150E333-8FDC-42A3-9474-1A3956D46DE8}") = "Application", "Application", "{01398B1B-2093-4D29-BD35-45F3568D4F45}"
EndProject
Project("{2150E333-8FDC-42A3-9474-1A3956D46DE8}") = "Data", "Data", "{6555CA75-0B28-485E-8B6E-7E3182A6E99B}"
EndProject
Project("{2150E333-8FDC-42A3-9474-1A3956D46DE8}") = "Domain", "Domain", "{26F233BE-E3C2-441A-97B6-78791ED57D9B}"
EndProject
Project("{FAE04EC0-301F-11D3-BF4B-00C04F79EFBC}") = "MicroRabbit.Transfer.Api", "MicroRabbit.Transfer.Api\MicroRabbit.Transfer.Api.csproj", "{C258BBFA-2738-43EF-BCF5-8486AA6C319A}"
EndProject
Project("{FAE04EC0-301F-11D3-BF4B-00C04F79EFBC}") = "MicroRabbit.Transfer.Application", "MicroRabbit.Transfer.Application\MicroRabbit.Transfer.Application.csproj", "{51FC4186-9B8B-46CC-BA43-645D25115A2D}"
EndProject
Project("{FAE04EC0-301F-11D3-BF4B-00C04F79EFBC}") = "MicroRabbit.Transfer.Domain", "MicroRabbit.Transfer.Domain\MicroRabbit.Transfer.Domain.csproj", "{37B8172C-7964-48CB-85AE-811C83A8A5B6}"
EndProject
Project("{FAE04EC0-301F-11D3-BF4B-00C04F79EFBC}") = "MicroRabbit.Transfer.Data", "MicroRabbit.Transfer.Data\MicroRabbit.Transfer.Data.csproj", "{EAE79BE1-97F1-4378-B237-049CD157E2D6}"
EndProject
Global
	GlobalSection(SolutionConfigurationPlatforms) = preSolution
		Debug|Any CPU = Debug|Any CPU
		Release|Any CPU = Release|Any CPU
	EndGlobalSection
	GlobalSection(ProjectConfigurationPlatforms) = postSolution
		{DE22830A-985A-4006-ADD4-D2004D1616C0}.Debug|Any CPU.ActiveCfg = Debug|Any CPU
		{DE22830A-985A-4006-ADD4-D2004D1616C0}.Debug|Any CPU.Build.0 = Debug|Any CPU
		{DE22830A-985A-4006-ADD4-D2004D1616C0}.Release|Any CPU.ActiveCfg = Release|Any CPU
		{DE22830A-985A-4006-ADD4-D2004D1616C0}.Release|Any CPU.Build.0 = Release|Any CPU
		{BCC82DDC-FC2F-4C43-AC4C-994A0364AC00}.Debug|Any CPU.ActiveCfg = Debug|Any CPU
		{BCC82DDC-FC2F-4C43-AC4C-994A0364AC00}.Debug|Any CPU.Build.0 = Debug|Any CPU
		{BCC82DDC-FC2F-4C43-AC4C-994A0364AC00}.Release|Any CPU.ActiveCfg = Release|Any CPU
		{BCC82DDC-FC2F-4C43-AC4C-994A0364AC00}.Release|Any CPU.Build.0 = Release|Any CPU
		{FA39FDA0-46CA-4B26-ACE3-8279D83791E9}.Debug|Any CPU.ActiveCfg = Debug|Any CPU
		{FA39FDA0-46CA-4B26-ACE3-8279D83791E9}.Debug|Any CPU.Build.0 = Debug|Any CPU
		{FA39FDA0-46CA-4B26-ACE3-8279D83791E9}.Release|Any CPU.ActiveCfg = Release|Any CPU
		{FA39FDA0-46CA-4B26-ACE3-8279D83791E9}.Release|Any CPU.Build.0 = Release|Any CPU
		{7B0DD0DB-A58B-47CA-9FF4-A22973625B46}.Debug|Any CPU.ActiveCfg = Debug|Any CPU
		{7B0DD0DB-A58B-47CA-9FF4-A22973625B46}.Debug|Any CPU.Build.0 = Debug|Any CPU
		{7B0DD0DB-A58B-47CA-9FF4-A22973625B46}.Release|Any CPU.ActiveCfg = Release|Any CPU
		{7B0DD0DB-A58B-47CA-9FF4-A22973625B46}.Release|Any CPU.Build.0 = Release|Any CPU
		{09A3F6DA-0F79-4C19-BD3F-34B21F3E48F3}.Debug|Any CPU.ActiveCfg = Debug|Any CPU
		{09A3F6DA-0F79-4C19-BD3F-34B21F3E48F3}.Debug|Any CPU.Build.0 = Debug|Any CPU
		{09A3F6DA-0F79-4C19-BD3F-34B21F3E48F3}.Release|Any CPU.ActiveCfg = Release|Any CPU
		{09A3F6DA-0F79-4C19-BD3F-34B21F3E48F3}.Release|Any CPU.Build.0 = Release|Any CPU
		{E7EC0075-C43B-408E-A02E-9AE7FE4AF6CE}.Debug|Any CPU.ActiveCfg = Debug|Any CPU
		{E7EC0075-C43B-408E-A02E-9AE7FE4AF6CE}.Debug|Any CPU.Build.0 = Debug|Any CPU
		{E7EC0075-C43B-408E-A02E-9AE7FE4AF6CE}.Release|Any CPU.ActiveCfg = Release|Any CPU
		{E7EC0075-C43B-408E-A02E-9AE7FE4AF6CE}.Release|Any CPU.Build.0 = Release|Any CPU
		{AF5C5F22-C718-4EE5-8D15-DDC8DA18AAE2}.Debug|Any CPU.ActiveCfg = Debug|Any CPU
		{AF5C5F22-C718-4EE5-8D15-DDC8DA18AAE2}.Debug|Any CPU.Build.0 = Debug|Any CPU
		{AF5C5F22-C718-4EE5-8D15-DDC8DA18AAE2}.Release|Any CPU.ActiveCfg = Release|Any CPU
		{AF5C5F22-C718-4EE5-8D15-DDC8DA18AAE2}.Release|Any CPU.Build.0 = Release|Any CPU
		{C258BBFA-2738-43EF-BCF5-8486AA6C319A}.Debug|Any CPU.ActiveCfg = Debug|Any CPU
		{C258BBFA-2738-43EF-BCF5-8486AA6C319A}.Debug|Any CPU.Build.0 = Debug|Any CPU
		{C258BBFA-2738-43EF-BCF5-8486AA6C319A}.Release|Any CPU.ActiveCfg = Release|Any CPU
		{C258BBFA-2738-43EF-BCF5-8486AA6C319A}.Release|Any CPU.Build.0 = Release|Any CPU
		{51FC4186-9B8B-46CC-BA43-645D25115A2D}.Debug|Any CPU.ActiveCfg = Debug|Any CPU
		{51FC4186-9B8B-46CC-BA43-645D25115A2D}.Debug|Any CPU.Build.0 = Debug|Any CPU
		{51FC4186-9B8B-46CC-BA43-645D25115A2D}.Release|Any CPU.ActiveCfg = Release|Any CPU
		{51FC4186-9B8B-46CC-BA43-645D25115A2D}.Release|Any CPU.Build.0 = Release|Any CPU
		{37B8172C-7964-48CB-85AE-811C83A8A5B6}.Debug|Any CPU.ActiveCfg = Debug|Any CPU
		{37B8172C-7964-48CB-85AE-811C83A8A5B6}.Debug|Any CPU.Build.0 = Debug|Any CPU
		{37B8172C-7964-48CB-85AE-811C83A8A5B6}.Release|Any CPU.ActiveCfg = Release|Any CPU
		{37B8172C-7964-48CB-85AE-811C83A8A5B6}.Release|Any CPU.Build.0 = Release|Any CPU
		{EAE79BE1-97F1-4378-B237-049CD157E2D6}.Debug|Any CPU.ActiveCfg = Debug|Any CPU
		{EAE79BE1-97F1-4378-B237-049CD157E2D6}.Debug|Any CPU.Build.0 = Debug|Any CPU
		{EAE79BE1-97F1-4378-B237-049CD157E2D6}.Release|Any CPU.ActiveCfg = Release|Any CPU
		{EAE79BE1-97F1-4378-B237-049CD157E2D6}.Release|Any CPU.Build.0 = Release|Any CPU
	EndGlobalSection
	GlobalSection(SolutionProperties) = preSolution
		HideSolutionNode = FALSE
	EndGlobalSection
	GlobalSection(NestedProjects) = preSolution
		{DE22830A-985A-4006-ADD4-D2004D1616C0} = {4999A408-4D05-4191-998B-E7489480FE9A}
		{BCC82DDC-FC2F-4C43-AC4C-994A0364AC00} = {F26C0CC9-4CF5-48D6-A6C9-7F6214DB4E94}
		{FA39FDA0-46CA-4B26-ACE3-8279D83791E9} = {1AF63500-D802-4CEF-9480-4D02BF2E836D}
		{49640806-D25E-4899-BC7E-7A0D45C3CC56} = {C5EE53E1-44E1-4953-8C9D-8416E9B906CF}
		{3C16239B-FE8C-416D-97CD-4524A5D89B3D} = {49640806-D25E-4899-BC7E-7A0D45C3CC56}
		{AEBD9C9D-FAEB-4172-810E-ADFD4AC3D23A} = {49640806-D25E-4899-BC7E-7A0D45C3CC56}
		{58BF41A4-44AC-4B1B-AB46-3135A8CFA25C} = {49640806-D25E-4899-BC7E-7A0D45C3CC56}
		{B195A3E2-0F9B-4545-9D34-E7769443FD2C} = {49640806-D25E-4899-BC7E-7A0D45C3CC56}
		{7B0DD0DB-A58B-47CA-9FF4-A22973625B46} = {3C16239B-FE8C-416D-97CD-4524A5D89B3D}
		{09A3F6DA-0F79-4C19-BD3F-34B21F3E48F3} = {58BF41A4-44AC-4B1B-AB46-3135A8CFA25C}
		{E7EC0075-C43B-408E-A02E-9AE7FE4AF6CE} = {B195A3E2-0F9B-4545-9D34-E7769443FD2C}
		{AF5C5F22-C718-4EE5-8D15-DDC8DA18AAE2} = {AEBD9C9D-FAEB-4172-810E-ADFD4AC3D23A}
		{AAE1EC01-8EFB-42F8-87C4-2FCAE32D1979} = {C5EE53E1-44E1-4953-8C9D-8416E9B906CF}
		{AEE16F56-D758-467C-960E-01C331FA408F} = {AAE1EC01-8EFB-42F8-87C4-2FCAE32D1979}
		{01398B1B-2093-4D29-BD35-45F3568D4F45} = {AAE1EC01-8EFB-42F8-87C4-2FCAE32D1979}
		{6555CA75-0B28-485E-8B6E-7E3182A6E99B} = {AAE1EC01-8EFB-42F8-87C4-2FCAE32D1979}
		{26F233BE-E3C2-441A-97B6-78791ED57D9B} = {AAE1EC01-8EFB-42F8-87C4-2FCAE32D1979}
		{C258BBFA-2738-43EF-BCF5-8486AA6C319A} = {AEE16F56-D758-467C-960E-01C331FA408F}
		{51FC4186-9B8B-46CC-BA43-645D25115A2D} = {01398B1B-2093-4D29-BD35-45F3568D4F45}
		{37B8172C-7964-48CB-85AE-811C83A8A5B6} = {26F233BE-E3C2-441A-97B6-78791ED57D9B}
		{EAE79BE1-97F1-4378-B237-049CD157E2D6} = {6555CA75-0B28-485E-8B6E-7E3182A6E99B}
	EndGlobalSection
	GlobalSection(ExtensibilityGlobals) = postSolution
		SolutionGuid = {F459BE61-B6ED-4574-87FC-44E06FB27EF3}
	EndGlobalSection
EndGlobal
