
Microsoft Visual Studio Solution File, Format Version 12.00
# Visual Studio Version 17
VisualStudioVersion = 17.0.31912.275
MinimumVisualStudioVersion = 10.0.40219.1
Project("{2150E333-8FDC-42A3-9474-1A3956D46DE8}") = "Microservices", "Microservices", "{C5EE53E1-44E1-4953-8C9D-8416E9B906CF}"
EndProject
Project("{2150E333-8FDC-42A3-9474-1A3956D46DE8}") = "Domain", "Domain", "{4999A408-4D05-4191-998B-E7489480FE9A}"
EndProject
Project("{2150E333-8FDC-42A3-9474-1A3956D46DE8}") = "Infra.Bus", "Infra.Bus", "{F26C0CC9-4CF5-48D6-A6C9-7F6214DB4E94}"
EndProject
Project("{2150E333-8FDC-42A3-9474-1A3956D46DE8}") = "Infra.IoC", "Infra.IoC", "{1AF63500-D802-4CEF-9480-4D02BF2E836D}"
EndProject
Project("{2150E333-8FDC-42A3-9474-1A3956D46DE8}") = "Presentation", "Presentation", "{296D9611-4740-4956-B3CB-ACD0D15AA895}"
EndProject
Project("{FAE04EC0-301F-11D3-BF4B-00C04F79EFBC}") = "MicroRabbit.Domain.Core", "MicroRabbit.Domain.Core\MicroRabbit.Domain.Core.csproj", "{DE22830A-985A-4006-ADD4-D2004D1616C0}"
EndProject
Project("{FAE04EC0-301F-11D3-BF4B-00C04F79EFBC}") = "MicroRabbit.Infra.Bus", "MicroRabbit.Infra.Bus\MicroRabbit.Infra.Bus.csproj", "{BCC82DDC-FC2F-4C43-AC4C-994A0364AC00}"
EndProject
Global
	GlobalSection(SolutionConfigurationPlatforms) = preSolution
		Debug|Any CPU = Debug|Any CPU
		Release|Any CPU = Release|Any CPU
	EndGlobalSection
	GlobalSection(ProjectConfigurationPlatforms) = postSolution
		{DE22830A-985A-4006-ADD4-D2004D1616C0}.Debug|Any CPU.ActiveCfg = Debug|Any CPU
		{DE22830A-985A-4006-ADD4-D2004D1616C0}.Debug|Any CPU.Build.0 = Debug|Any CPU
		{DE22830A-985A-4006-ADD4-D2004D1616C0}.Release|Any CPU.ActiveCfg = Release|Any CPU
		{DE22830A-985A-4006-ADD4-D2004D1616C0}.Release|Any CPU.Build.0 = Release|Any CPU
		{BCC82DDC-FC2F-4C43-AC4C-994A0364AC00}.Debug|Any CPU.ActiveCfg = Debug|Any CPU
		{BCC82DDC-FC2F-4C43-AC4C-994A0364AC00}.Debug|Any CPU.Build.0 = Debug|Any CPU
		{BCC82DDC-FC2F-4C43-AC4C-994A0364AC00}.Release|Any CPU.ActiveCfg = Release|Any CPU
		{BCC82DDC-FC2F-4C43-AC4C-994A0364AC00}.Release|Any CPU.Build.0 = Release|Any CPU
	EndGlobalSection
	GlobalSection(SolutionProperties) = preSolution
		HideSolutionNode = FALSE
	EndGlobalSection
	GlobalSection(NestedProjects) = preSolution
		{DE22830A-985A-4006-ADD4-D2004D1616C0} = {4999A408-4D05-4191-998B-E7489480FE9A}
		{BCC82DDC-FC2F-4C43-AC4C-994A0364AC00} = {F26C0CC9-4CF5-48D6-A6C9-7F6214DB4E94}
	EndGlobalSection
	GlobalSection(ExtensibilityGlobals) = postSolution
		SolutionGuid = {F459BE61-B6ED-4574-87FC-44E06FB27EF3}
	EndGlobalSection
EndGlobal
